{
    "_readme": [
        "This file locks the dependencies of your project to a known state",
        "Read more about it at http://getcomposer.org/doc/01-basic-usage.md#composer-lock-the-lock-file"
    ],
    "hash": "0c572be222129e91099ca9d2886f3f7d",
    "packages": [
        {
            "name": "davekiss/vimeo-php",
            "version": "1.0.0",
            "source": {
                "type": "git",
                "url": "https://github.com/davekiss/vimeo-php.git",
                "reference": "734b9fa8db7f4217bcc7216a7393fb9dfdf5c80b"
            },
            "type": "library",
            "license": [
                "Apache"
            ],
            "authors": [
                {
                    "name": "Dave Kiss",
                    "email": "hello@davekiss.com"
                }
            ],
            "description": "PHP Library for the Vimeo API 3.0",
            "time": "2014-03-02 21:53:56"
        },
        {
            "name": "mustache/mustache",
            "version": "v2.5.1",
            "source": {
                "type": "git",
                "url": "https://github.com/bobthecow/mustache.php.git",
                "reference": "996c944fa2ddedddfaf0d276b913809d6a32fd85"
            },
            "dist": {
                "type": "zip",
                "url": "https://api.github.com/repos/bobthecow/mustache.php/zipball/996c944fa2ddedddfaf0d276b913809d6a32fd85",
                "reference": "996c944fa2ddedddfaf0d276b913809d6a32fd85",
                "shasum": ""
            },
            "require": {
                "php": ">=5.2.4"
            },
            "require-dev": {
                "phpunit/phpunit": "*"
            },
            "type": "library",
            "autoload": {
                "psr-0": {
                    "Mustache": "src/"
                }
            },
            "notification-url": "https://packagist.org/downloads/",
            "license": [
                "MIT"
            ],
            "authors": [
                {
                    "name": "Justin Hileman",
                    "email": "justin@justinhileman.info",
                    "homepage": "http://justinhileman.com"
                }
            ],
            "description": "A Mustache implementation in PHP.",
            "homepage": "https://github.com/bobthecow/mustache.php",
            "keywords": [
                "mustache",
                "templating"
            ],
            "time": "2014-01-09 00:36:09"
        }
    ],
    "packages-dev": [

    ],
    "aliases": [

    ],
    "minimum-stability": "stable",
    "stability-flags": [

    ],
    "platform": [

    ],
    "platform-dev": [

    ]
}
